// !$*UTF8*$!
{
	archiveVersion = 1;
	classes = {
	};
	objectVersion = 50;
	objects = {

/* Begin PBXBuildFile section */
		EDCD4DF328736D3200628C7A /* AppDelegate.swift in Sources */ = {isa = PBXBuildFile; fileRef = EDCD4DF228736D3200628C7A /* AppDelegate.swift */; };
		EDCD4DF528736D3200628C7A /* SceneDelegate.swift in Sources */ = {isa = PBXBuildFile; fileRef = EDCD4DF428736D3200628C7A /* SceneDelegate.swift */; };
		EDCD4DF728736D3200628C7A /* ViewController.swift in Sources */ = {isa = PBXBuildFile; fileRef = EDCD4DF628736D3200628C7A /* ViewController.swift */; };
		EDCD4DFA28736D3200628C7A /* Main.storyboard in Resources */ = {isa = PBXBuildFile; fileRef = EDCD4DF828736D3200628C7A /* Main.storyboard */; };
		EDCD4DFC28736D3500628C7A /* Assets.xcassets in Resources */ = {isa = PBXBuildFile; fileRef = EDCD4DFB28736D3500628C7A /* Assets.xcassets */; };
		EDCD4DFF28736D3500628C7A /* LaunchScreen.storyboard in Resources */ = {isa = PBXBuildFile; fileRef = EDCD4DFD28736D3500628C7A /* LaunchScreen.storyboard */; };
/* End PBXBuildFile section */

/* Begin PBXFileReference section */
		EDCD4DEF28736D3200628C7A /* Pangaea.app */ = {isa = PBXFileReference; explicitFileType = wrapper.application; includeInIndex = 0; path = Pangaea.app; sourceTree = BUILT_PRODUCTS_DIR; };
		EDCD4DF228736D3200628C7A /* AppDelegate.swift */ = {isa = PBXFileReference; lastKnownFileType = sourcecode.swift; path = AppDelegate.swift; sourceTree = "<group>"; };
		EDCD4DF428736D3200628C7A /* SceneDelegate.swift */ = {isa = PBXFileReference; lastKnownFileType = sourcecode.swift; path = SceneDelegate.swift; sourceTree = "<group>"; };
		EDCD4DF628736D3200628C7A /* ViewController.swift */ = {isa = PBXFileReference; lastKnownFileType = sourcecode.swift; path = ViewController.swift; sourceTree = "<group>"; };
		EDCD4DF928736D3200628C7A /* Base */ = {isa = PBXFileReference; lastKnownFileType = file.storyboard; name = Base; path = Base.lproj/Main.storyboard; sourceTree = "<group>"; };
		EDCD4DFB28736D3500628C7A /* Assets.xcassets */ = {isa = PBXFileReference; lastKnownFileType = folder.assetcatalog; path = Assets.xcassets; sourceTree = "<group>"; };
		EDCD4DFE28736D3500628C7A /* Base */ = {isa = PBXFileReference; lastKnownFileType = file.storyboard; name = Base; path = Base.lproj/LaunchScreen.storyboard; sourceTree = "<group>"; };
		EDCD4E0028736D3500628C7A /* Info.plist */ = {isa = PBXFileReference; lastKnownFileType = text.plist.xml; path = Info.plist; sourceTree = "<group>"; };
/* End PBXFileReference section */

/* Begin PBXFrameworksBuildPhase section */
		EDCD4DEC28736D3200628C7A /* Frameworks */ = {
			isa = PBXFrameworksBuildPhase;
			buildActionMask = 2147483647;
			files = (
			);
			runOnlyForDeploymentPostprocessing = 0;
		};
/* End PBXFrameworksBuildPhase section */

/* Begin PBXGroup section */
		EDCD4DE628736D3200628C7A = {
			isa = PBXGroup;
			children = (
				EDCD4DF128736D3200628C7A /* Pangaea */,
				EDCD4DF028736D3200628C7A /* Products */,
			);
			sourceTree = "<group>";
		};
		EDCD4DF028736D3200628C7A /* Products */ = {
			isa = PBXGroup;
			children = (
				EDCD4DEF28736D3200628C7A /* Pangaea.app */,
			);
			name = Products;
			sourceTree = "<group>";
		};
		EDCD4DF128736D3200628C7A /* Pangaea */ = {
			isa = PBXGroup;
			children = (
				EDCD4DF228736D3200628C7A /* AppDelegate.swift */,
				EDCD4DF428736D3200628C7A /* SceneDelegate.swift */,
				EDCD4DF628736D3200628C7A /* ViewController.swift */,
				EDCD4DF828736D3200628C7A /* Main.storyboard */,
				EDCD4DFB28736D3500628C7A /* Assets.xcassets */,
				EDCD4DFD28736D3500628C7A /* LaunchScreen.storyboard */,
				EDCD4E0028736D3500628C7A /* Info.plist */,
			);
			path = Pangaea;
			sourceTree = "<group>";
		};
/* End PBXGroup section */

/* Begin PBXNativeTarget section */
		EDCD4DEE28736D3200628C7A /* Pangaea */ = {
			isa = PBXNativeTarget;
			buildConfigurationList = EDCD4E0328736D3500628C7A /* Build configuration list for PBXNativeTarget "Pangaea" */;
			buildPhases = (
				EDCD4DEB28736D3200628C7A /* Sources */,
				EDCD4DEC28736D3200628C7A /* Frameworks */,
				EDCD4DED28736D3200628C7A /* Resources */,
			);
			buildRules = (
			);
			dependencies = (
			);
			name = Pangaea;
			productName = Pangaea;
			productReference = EDCD4DEF28736D3200628C7A /* Pangaea.app */;
			productType = "com.apple.product-type.application";
		};
/* End PBXNativeTarget section */

/* Begin PBXProject section */
		EDCD4DE728736D3200628C7A /* Project object */ = {
			isa = PBXProject;
			attributes = {
				LastSwiftUpdateCheck = 1150;
				LastUpgradeCheck = 1150;
				ORGANIZATIONNAME = Kirill;
				TargetAttributes = {
					EDCD4DEE28736D3200628C7A = {
						CreatedOnToolsVersion = 11.5;
					};
				};
			};
			buildConfigurationList = EDCD4DEA28736D3200628C7A /* Build configuration list for PBXProject "Pangaea" */;
			compatibilityVersion = "Xcode 9.3";
			developmentRegion = en;
			hasScannedForEncodings = 0;
			knownRegions = (
				en,
				Base,
			);
			mainGroup = EDCD4DE628736D3200628C7A;
			productRefGroup = EDCD4DF028736D3200628C7A /* Products */;
			projectDirPath = "";
			projectRoot = "";
			targets = (
				EDCD4DEE28736D3200628C7A /* Pangaea */,
			);
		};
/* End PBXProject section */

/* Begin PBXResourcesBuildPhase section */
		EDCD4DED28736D3200628C7A /* Resources */ = {
			isa = PBXResourcesBuildPhase;
			buildActionMask = 2147483647;
			files = (
				EDCD4DFF28736D3500628C7A /* LaunchScreen.storyboard in Resources */,
				EDCD4DFC28736D3500628C7A /* Assets.xcassets in Resources */,
				EDCD4DFA28736D3200628C7A /* Main.storyboard in Resources */,
			);
			runOnlyForDeploymentPostprocessing = 0;
		};
/* End PBXResourcesBuildPhase section */

/* Begin PBXSourcesBuildPhase section */
		EDCD4DEB28736D3200628C7A /* Sources */ = {
			isa = PBXSourcesBuildPhase;
			buildActionMask = 2147483647;
			files = (
				EDCD4DF728736D3200628C7A /* ViewController.swift in Sources */,
				EDCD4DF328736D3200628C7A /* AppDelegate.swift in Sources */,
				EDCD4DF528736D3200628C7A /* SceneDelegate.swift in Sources */,
			);
			runOnlyForDeploymentPostprocessing = 0;
		};
/* End PBXSourcesBuildPhase section */

/* Begin PBXVariantGroup section */
		EDCD4DF828736D3200628C7A /* Main.storyboard */ = {
			isa = PBXVariantGroup;
			children = (
				EDCD4DF928736D3200628C7A /* Base */,
			);
			name = Main.storyboard;
			sourceTree = "<group>";
		};
		EDCD4DFD28736D3500628C7A /* LaunchScreen.storyboard */ = {
			isa = PBXVariantGroup;
			children = (
				EDCD4DFE28736D3500628C7A /* Base */,
			);
			name = LaunchScreen.storyboard;
			sourceTree = "<group>";
		};
/* End PBXVariantGroup section */

/* Begin XCBuildConfiguration section */
		EDCD4E0128736D3500628C7A /* Debug */ = {
			isa = XCBuildConfiguration;
			buildSettings = {
				ALWAYS_SEARCH_USER_PATHS = NO;
				CLANG_ANALYZER_NONNULL = YES;
				CLANG_ANALYZER_NUMBER_OBJECT_CONVERSION = YES_AGGRESSIVE;
				CLANG_CXX_LANGUAGE_STANDARD = "gnu++14";
				CLANG_CXX_LIBRARY = "libc++";
				CLANG_ENABLE_MODULES = YES;
				CLANG_ENABLE_OBJC_ARC = YES;
				CLANG_ENABLE_OBJC_WEAK = YES;
				CLANG_WARN_BLOCK_CAPTURE_AUTORELEASING = YES;
				CLANG_WARN_BOOL_CONVERSION = YES;
				CLANG_WARN_COMMA = YES;
				CLANG_WARN_CONSTANT_CONVERSION = YES;
				CLANG_WARN_DEPRECATED_OBJC_IMPLEMENTATIONS = YES;
				CLANG_WARN_DIRECT_OBJC_ISA_USAGE = YES_ERROR;
				CLANG_WARN_DOCUMENTATION_COMMENTS = YES;
				CLANG_WARN_EMPTY_BODY = YES;
				CLANG_WARN_ENUM_CONVERSION = YES;
				CLANG_WARN_INFINITE_RECURSION = YES;
				CLANG_WARN_INT_CONVERSION = YES;
				CLANG_WARN_NON_LITERAL_NULL_CONVERSION = YES;
				CLANG_WARN_OBJC_IMPLICIT_RETAIN_SELF = YES;
				CLANG_WARN_OBJC_LITERAL_CONVERSION = YES;
				CLANG_WARN_OBJC_ROOT_CLASS = YES_ERROR;
				CLANG_WARN_RANGE_LOOP_ANALYSIS = YES;
				CLANG_WARN_STRICT_PROTOTYPES = YES;
				CLANG_WARN_SUSPICIOUS_MOVE = YES;
				CLANG_WARN_UNGUARDED_AVAILABILITY = YES_AGGRESSIVE;
				CLANG_WARN_UNREACHABLE_CODE = YES;
				CLANG_WARN__DUPLICATE_METHOD_MATCH = YES;
				COPY_PHASE_STRIP = NO;
				DEBUG_INFORMATION_FORMAT = dwarf;
				ENABLE_STRICT_OBJC_MSGSEND = YES;
				ENABLE_TESTABILITY = YES;
				GCC_C_LANGUAGE_STANDARD = gnu11;
				GCC_DYNAMIC_NO_PIC = NO;
				GCC_NO_COMMON_BLOCKS = YES;
				GCC_OPTIMIZATION_LEVEL = 0;
				GCC_PREPROCESSOR_DEFINITIONS = (
					"DEBUG=1",
					"$(inherited)",
				);
				GCC_WARN_64_TO_32_BIT_CONVERSION = YES;
				GCC_WARN_ABOUT_RETURN_TYPE = YES_ERROR;
				GCC_WARN_UNDECLARED_SELECTOR = YES;
				GCC_WARN_UNINITIALIZED_AUTOS = YES_AGGRESSIVE;
				GCC_WARN_UNUSED_FUNCTION = YES;
				GCC_WARN_UNUSED_VARIABLE = YES;
				IPHONEOS_DEPLOYMENT_TARGET = 13.5;
				MTL_ENABLE_DEBUG_INFO = INCLUDE_SOURCE;
				MTL_FAST_MATH = YES;
				ONLY_ACTIVE_ARCH = YES;
				SDKROOT = iphoneos;
				SWIFT_ACTIVE_COMPILATION_CONDITIONS = DEBUG;
				SWIFT_OPTIMIZATION_LEVEL = "-Onone";
			};
			name = Debug;
		};
		EDCD4E0228736D3500628C7A /* Release */ = {
			isa = XCBuildConfiguration;
			buildSettings = {
				ALWAYS_SEARCH_USER_PATHS = NO;
				CLANG_ANALYZER_NONNULL = YES;
				CLANG_ANALYZER_NUMBER_OBJECT_CONVERSION = YES_AGGRESSIVE;
				CLANG_CXX_LANGUAGE_STANDARD = "gnu++14";
				CLANG_CXX_LIBRARY = "libc++";
				CLANG_ENABLE_MODULES = YES;
				CLANG_ENABLE_OBJC_ARC = YES;
				CLANG_ENABLE_OBJC_WEAK = YES;
				CLANG_WARN_BLOCK_CAPTURE_AUTORELEASING = YES;
				CLANG_WARN_BOOL_CONVERSION = YES;
				CLANG_WARN_COMMA = YES;
				CLANG_WARN_CONSTANT_CONVERSION = YES;
				CLANG_WARN_DEPRECATED_OBJC_IMPLEMENTATIONS = YES;
				CLANG_WARN_DIRECT_OBJC_ISA_USAGE = YES_ERROR;
				CLANG_WARN_DOCUMENTATION_COMMENTS = YES;
				CLANG_WARN_EMPTY_BODY = YES;
				CLANG_WARN_ENUM_CONVERSION = YES;
				CLANG_WARN_INFINITE_RECURSION = YES;
				CLANG_WARN_INT_CONVERSION = YES;
				CLANG_WARN_NON_LITERAL_NULL_CONVERSION = YES;
				CLANG_WARN_OBJC_IMPLICIT_RETAIN_SELF = YES;
				CLANG_WARN_OBJC_LITERAL_CONVERSION = YES;
				CLANG_WARN_OBJC_ROOT_CLASS = YES_ERROR;
				CLANG_WARN_RANGE_LOOP_ANALYSIS = YES;
				CLANG_WARN_STRICT_PROTOTYPES = YES;
				CLANG_WARN_SUSPICIOUS_MOVE = YES;
				CLANG_WARN_UNGUARDED_AVAILABILITY = YES_AGGRESSIVE;
				CLANG_WARN_UNREACHABLE_CODE = YES;
				CLANG_WARN__DUPLICATE_METHOD_MATCH = YES;
				COPY_PHASE_STRIP = NO;
				DEBUG_INFORMATION_FORMAT = "dwarf-with-dsym";
				ENABLE_NS_ASSERTIONS = NO;
				ENABLE_STRICT_OBJC_MSGSEND = YES;
				GCC_C_LANGUAGE_STANDARD = gnu11;
				GCC_NO_COMMON_BLOCKS = YES;
				GCC_WARN_64_TO_32_BIT_CONVERSION = YES;
				GCC_WARN_ABOUT_RETURN_TYPE = YES_ERROR;
				GCC_WARN_UNDECLARED_SELECTOR = YES;
				GCC_WARN_UNINITIALIZED_AUTOS = YES_AGGRESSIVE;
				GCC_WARN_UNUSED_FUNCTION = YES;
				GCC_WARN_UNUSED_VARIABLE = YES;
				IPHONEOS_DEPLOYMENT_TARGET = 13.5;
				MTL_ENABLE_DEBUG_INFO = NO;
				MTL_FAST_MATH = YES;
				SDKROOT = iphoneos;
				SWIFT_COMPILATION_MODE = wholemodule;
				SWIFT_OPTIMIZATION_LEVEL = "-O";
				VALIDATE_PRODUCT = YES;
			};
			name = Release;
		};
		EDCD4E0428736D3500628C7A /* Debug */ = {
			isa = XCBuildConfiguration;
			buildSettings = {
				ASSETCATALOG_COMPILER_APPICON_NAME = AppIcon;
				CODE_SIGN_STYLE = Automatic;
				DEVELOPMENT_TEAM = 4Z2WB5K56M;
				INFOPLIST_FILE = Pangaea/Info.plist;
				LD_RUNPATH_SEARCH_PATHS = (
					"$(inherited)",
					"@executable_path/Frameworks",
				);
				PRODUCT_BUNDLE_IDENTIFIER = com.vikhlyaev.Pangaea;
				PRODUCT_NAME = "$(TARGET_NAME)";
				SWIFT_VERSION = 5.0;
				TARGETED_DEVICE_FAMILY = "1,2";
			};
			name = Debug;
		};
		EDCD4E0528736D3500628C7A /* Release */ = {
			isa = XCBuildConfiguration;
			buildSettings = {
				ASSETCATALOG_COMPILER_APPICON_NAME = AppIcon;
				CODE_SIGN_STYLE = Automatic;
				DEVELOPMENT_TEAM = 4Z2WB5K56M;
				INFOPLIST_FILE = Pangaea/Info.plist;
				LD_RUNPATH_SEARCH_PATHS = (
					"$(inherited)",
					"@executable_path/Frameworks",
				);
				PRODUCT_BUNDLE_IDENTIFIER = com.vikhlyaev.Pangaea;
				PRODUCT_NAME = "$(TARGET_NAME)";
				SWIFT_VERSION = 5.0;
				TARGETED_DEVICE_FAMILY = "1,2";
			};
			name = Release;
		};
/* End XCBuildConfiguration section */

/* Begin XCConfigurationList section */
		EDCD4DEA28736D3200628C7A /* Build configuration list for PBXProject "Pangaea" */ = {
			isa = XCConfigurationList;
			buildConfigurations = (
				EDCD4E0128736D3500628C7A /* Debug */,
				EDCD4E0228736D3500628C7A /* Release */,
			);
			defaultConfigurationIsVisible = 0;
			defaultConfigurationName = Release;
		};
		EDCD4E0328736D3500628C7A /* Build configuration list for PBXNativeTarget "Pangaea" */ = {
			isa = XCConfigurationList;
			buildConfigurations = (
				EDCD4E0428736D3500628C7A /* Debug */,
				EDCD4E0528736D3500628C7A /* Release */,
			);
			defaultConfigurationIsVisible = 0;
			defaultConfigurationName = Release;
		};
/* End XCConfigurationList section */
	};
	rootObject = EDCD4DE728736D3200628C7A /* Project object */;
}
